{
  "name": "node",
  "version": "1.0.0",
  "lockfileVersion": 2,
  "requires": true,
  "packages": {
    "": {
      "version": "1.0.0",
      "license": "ISC",
      "dependencies": {
        "@microsoft/microsoft-graph-client": "^4.0.0-RestPreview.1",
        "node-fetch": "^2.6.7",
        "typescript": "^4.8.3"
      }
    },
    "node_modules/@microsoft/kiota-abstractions": {
      "version": "1.0.0-preview.5",
      "resolved": "https://registry.npmjs.org/@microsoft/kiota-abstractions/-/kiota-abstractions-1.0.0-preview.5.tgz",
      "integrity": "sha512-RcqOexHGNOyKLWk75V3bF8l+jvBgF2pkhIHGKXJXj2DxDPwgQTV8HyacBMaSMECQTMDcfTdT8H7Tg2X74YuG+Q==",
      "dependencies": {
        "tinyduration": "^3.2.2",
        "tslib": "^2.3.1",
        "uri-template-lite": "^22.1.0",
        "uuid": "^8.3.2"
      }
    },
    "node_modules/@microsoft/kiota-http-fetchlibrary": {
      "version": "1.0.0-preview.6",
      "resolved": "https://registry.npmjs.org/@microsoft/kiota-http-fetchlibrary/-/kiota-http-fetchlibrary-1.0.0-preview.6.tgz",
      "integrity": "sha512-F/3o2ufbyhGVd4rnuEcYP6Lnm8v62Bz4l3Prg1c5jENO+EUq4nCGY3S71zWxihn5qncep5/2wglpaeJ2DpzEmQ==",
      "dependencies": {
        "@microsoft/kiota-abstractions": "1.0.0-preview.5",
        "node-fetch": "^2.6.5",
        "tslib": "^2.3.1"
      }
    },
    "node_modules/@microsoft/microsoft-graph-client": {
      "version": "4.0.0-RestPreview.1",
      "resolved": "https://registry.npmjs.org/@microsoft/microsoft-graph-client/-/microsoft-graph-client-4.0.0-RestPreview.1.tgz",
      "integrity": "sha512-qOe3Fj449JskxH+O2fn1GXtefrIZFkH9eaIpOwqJndtyPQurvP4ky+u7iC3n2qnqmDx+ZxaB3XMJ9Av2rraMxw==",
      "dependencies": {
        "@microsoft/kiota-abstractions": "1.0.0-preview.5",
        "@microsoft/kiota-http-fetchlibrary": "1.0.0-preview.6",
        "@microsoft/microsoft-graph-types": "3.0.0-RestPreview.1",
        "tslib": "^2.2.0"
      },
      "engines": {
        "node": ">=12.0.0"
      },
      "peerDependenciesMeta": {
        "@azure/identity": {
          "optional": true
        },
        "@azure/msal-browser": {
          "optional": true
        },
        "buffer": {
          "optional": true
        },
        "stream-browserify": {
          "optional": true
        }
      }
    },
    "node_modules/@microsoft/microsoft-graph-types": {
      "version": "3.0.0-RestPreview.1",
      "resolved": "https://registry.npmjs.org/@microsoft/microsoft-graph-types/-/microsoft-graph-types-3.0.0-RestPreview.1.tgz",
      "integrity": "sha512-QAN+cFazelXcXxPhMaxoa8SdGkVtq2TKJEROeI7cjUw9CAJw/7LsRphq0Ym/P8FjeUF3VWL7BkFdjMS1fg9R5w=="
    },
    "node_modules/node-fetch": {
      "version": "2.6.7",
      "resolved": "https://registry.npmjs.org/node-fetch/-/node-fetch-2.6.7.tgz",
      "integrity": "sha512-ZjMPFEfVx5j+y2yF35Kzx5sF7kDzxuDj6ziH4FFbOp87zKDZNx8yExJIb05OGF4Nlt9IHFIMBkRl41VdvcNdbQ==",
      "dependencies": {
        "whatwg-url": "^5.0.0"
      },
      "engines": {
        "node": "4.x || >=6.0.0"
      },
      "peerDependencies": {
        "encoding": "^0.1.0"
      },
      "peerDependenciesMeta": {
        "encoding": {
          "optional": true
        }
      }
    },
    "node_modules/tinyduration": {
      "version": "3.2.2",
      "resolved": "https://registry.npmjs.org/tinyduration/-/tinyduration-3.2.2.tgz",
      "integrity": "sha512-eH6D0KIA4Xxje3ZRUnbsWfN28pAgTx3ZFQvgb0w9u8p9lxSX0eloxi4w165gv03GnvduR9m5JhToPxXvADHe+w=="
    },
    "node_modules/tr46": {
      "version": "0.0.3",
      "resolved": "https://registry.npmjs.org/tr46/-/tr46-0.0.3.tgz",
      "integrity": "sha512-N3WMsuqV66lT30CrXNbEjx4GEwlow3v6rr4mCcv6prnfwhS01rkgyFdjPNBYd9br7LpXV1+Emh01fHnq2Gdgrw=="
    },
    "node_modules/tslib": {
      "version": "2.4.0",
      "resolved": "https://registry.npmjs.org/tslib/-/tslib-2.4.0.tgz",
      "integrity": "sha512-d6xOpEDfsi2CZVlPQzGeux8XMwLT9hssAsaPYExaQMuYskwb+x1x7J371tWlbBdWHroy99KnVB6qIkUbs5X3UQ=="
    },
    "node_modules/typescript": {
      "version": "4.8.3",
      "resolved": "https://registry.npmjs.org/typescript/-/typescript-4.8.3.tgz",
      "integrity": "sha512-goMHfm00nWPa8UvR/CPSvykqf6dVV8x/dp0c5mFTMTIu0u0FlGWRioyy7Nn0PGAdHxpJZnuO/ut+PpQ8UiHAig==",
      "bin": {
        "tsc": "bin/tsc",
        "tsserver": "bin/tsserver"
      },
      "engines": {
        "node": ">=4.2.0"
      }
    },
    "node_modules/uri-template-lite": {
      "version": "22.9.0",
      "resolved": "https://registry.npmjs.org/uri-template-lite/-/uri-template-lite-22.9.0.tgz",
      "integrity": "sha512-cmGZaykSWEQ5UXKaGKnUS8zFvfp8j1Jvn7dlq3P7tGd5XeybXcfo0xnVBRWiNEp80nO1GYgCLwoaRJ8WMmmk3Q=="
    },
    "node_modules/uuid": {
      "version": "8.3.2",
      "resolved": "https://registry.npmjs.org/uuid/-/uuid-8.3.2.tgz",
      "integrity": "sha512-+NYs2QeMWy+GWFOEm9xnn6HCDp0l7QBD7ml8zLUmJ+93Q5NF0NocErnwkTkXVFNiX3/fpC6afS8Dhb/gz7R7eg==",
      "bin": {
        "uuid": "dist/bin/uuid"
      }
    },
    "node_modules/webidl-conversions": {
      "version": "3.0.1",
      "resolved": "https://registry.npmjs.org/webidl-conversions/-/webidl-conversions-3.0.1.tgz",
      "integrity": "sha512-2JAn3z8AR6rjK8Sm8orRC0h/bcl/DqL7tRPdGZ4I1CjdF+EaMLmYxBHyXuKL849eucPFhvBoxMsflfOb8kxaeQ=="
    },
    "node_modules/whatwg-url": {
      "version": "5.0.0",
      "resolved": "https://registry.npmjs.org/whatwg-url/-/whatwg-url-5.0.0.tgz",
      "integrity": "sha512-saE57nupxk6v3HY35+jzBwYa0rKSy0XR8JSxZPwgLr7ys0IBzhGviA1/TUGJLmSVqs8pb9AnvICXEuOHLprYTw==",
      "dependencies": {
        "tr46": "~0.0.3",
        "webidl-conversions": "^3.0.0"
      }
    }
  },
  "dependencies": {
    "@microsoft/kiota-abstractions": {
      "version": "1.0.0-preview.5",
      "resolved": "https://registry.npmjs.org/@microsoft/kiota-abstractions/-/kiota-abstractions-1.0.0-preview.5.tgz",
      "integrity": "sha512-RcqOexHGNOyKLWk75V3bF8l+jvBgF2pkhIHGKXJXj2DxDPwgQTV8HyacBMaSMECQTMDcfTdT8H7Tg2X74YuG+Q==",
      "requires": {
        "tinyduration": "^3.2.2",
        "tslib": "^2.3.1",
        "uri-template-lite": "^22.1.0",
        "uuid": "^8.3.2"
      }
    },
    "@microsoft/kiota-http-fetchlibrary": {
      "version": "1.0.0-preview.6",
      "resolved": "https://registry.npmjs.org/@microsoft/kiota-http-fetchlibrary/-/kiota-http-fetchlibrary-1.0.0-preview.6.tgz",
      "integrity": "sha512-F/3o2ufbyhGVd4rnuEcYP6Lnm8v62Bz4l3Prg1c5jENO+EUq4nCGY3S71zWxihn5qncep5/2wglpaeJ2DpzEmQ==",
      "requires": {
        "@microsoft/kiota-abstractions": "1.0.0-preview.5",
        "node-fetch": "^2.6.5",
        "tslib": "^2.3.1"
      }
    },
    "@microsoft/microsoft-graph-client": {
      "version": "4.0.0-RestPreview.1",
      "resolved": "https://registry.npmjs.org/@microsoft/microsoft-graph-client/-/microsoft-graph-client-4.0.0-RestPreview.1.tgz",
      "integrity": "sha512-qOe3Fj449JskxH+O2fn1GXtefrIZFkH9eaIpOwqJndtyPQurvP4ky+u7iC3n2qnqmDx+ZxaB3XMJ9Av2rraMxw==",
      "requires": {
        "@microsoft/kiota-abstractions": "1.0.0-preview.5",
        "@microsoft/kiota-http-fetchlibrary": "1.0.0-preview.6",
        "@microsoft/microsoft-graph-types": "3.0.0-RestPreview.1",
        "tslib": "^2.2.0"
      }
    },
    "@microsoft/microsoft-graph-types": {
      "version": "3.0.0-RestPreview.1",
      "resolved": "https://registry.npmjs.org/@microsoft/microsoft-graph-types/-/microsoft-graph-types-3.0.0-RestPreview.1.tgz",
      "integrity": "sha512-QAN+cFazelXcXxPhMaxoa8SdGkVtq2TKJEROeI7cjUw9CAJw/7LsRphq0Ym/P8FjeUF3VWL7BkFdjMS1fg9R5w=="
    },
    "node-fetch": {
      "version": "2.6.7",
      "resolved": "https://registry.npmjs.org/node-fetch/-/node-fetch-2.6.7.tgz",
      "integrity": "sha512-ZjMPFEfVx5j+y2yF35Kzx5sF7kDzxuDj6ziH4FFbOp87zKDZNx8yExJIb05OGF4Nlt9IHFIMBkRl41VdvcNdbQ==",
      "requires": {
        "whatwg-url": "^5.0.0"
      }
    },
    "tinyduration": {
      "version": "3.2.2",
      "resolved": "https://registry.npmjs.org/tinyduration/-/tinyduration-3.2.2.tgz",
      "integrity": "sha512-eH6D0KIA4Xxje3ZRUnbsWfN28pAgTx3ZFQvgb0w9u8p9lxSX0eloxi4w165gv03GnvduR9m5JhToPxXvADHe+w=="
    },
    "tr46": {
      "version": "0.0.3",
      "resolved": "https://registry.npmjs.org/tr46/-/tr46-0.0.3.tgz",
      "integrity": "sha512-N3WMsuqV66lT30CrXNbEjx4GEwlow3v6rr4mCcv6prnfwhS01rkgyFdjPNBYd9br7LpXV1+Emh01fHnq2Gdgrw=="
    },
    "tslib": {
      "version": "2.4.0",
      "resolved": "https://registry.npmjs.org/tslib/-/tslib-2.4.0.tgz",
      "integrity": "sha512-d6xOpEDfsi2CZVlPQzGeux8XMwLT9hssAsaPYExaQMuYskwb+x1x7J371tWlbBdWHroy99KnVB6qIkUbs5X3UQ=="
    },
    "typescript": {
      "version": "4.8.3",
      "resolved": "https://registry.npmjs.org/typescript/-/typescript-4.8.3.tgz",
      "integrity": "sha512-goMHfm00nWPa8UvR/CPSvykqf6dVV8x/dp0c5mFTMTIu0u0FlGWRioyy7Nn0PGAdHxpJZnuO/ut+PpQ8UiHAig=="
    },
    "uri-template-lite": {
      "version": "22.9.0",
      "resolved": "https://registry.npmjs.org/uri-template-lite/-/uri-template-lite-22.9.0.tgz",
      "integrity": "sha512-cmGZaykSWEQ5UXKaGKnUS8zFvfp8j1Jvn7dlq3P7tGd5XeybXcfo0xnVBRWiNEp80nO1GYgCLwoaRJ8WMmmk3Q=="
    },
    "uuid": {
      "version": "8.3.2",
      "resolved": "https://registry.npmjs.org/uuid/-/uuid-8.3.2.tgz",
      "integrity": "sha512-+NYs2QeMWy+GWFOEm9xnn6HCDp0l7QBD7ml8zLUmJ+93Q5NF0NocErnwkTkXVFNiX3/fpC6afS8Dhb/gz7R7eg=="
    },
    "webidl-conversions": {
      "version": "3.0.1",
      "resolved": "https://registry.npmjs.org/webidl-conversions/-/webidl-conversions-3.0.1.tgz",
      "integrity": "sha512-2JAn3z8AR6rjK8Sm8orRC0h/bcl/DqL7tRPdGZ4I1CjdF+EaMLmYxBHyXuKL849eucPFhvBoxMsflfOb8kxaeQ=="
    },
    "whatwg-url": {
      "version": "5.0.0",
      "resolved": "https://registry.npmjs.org/whatwg-url/-/whatwg-url-5.0.0.tgz",
      "integrity": "sha512-saE57nupxk6v3HY35+jzBwYa0rKSy0XR8JSxZPwgLr7ys0IBzhGviA1/TUGJLmSVqs8pb9AnvICXEuOHLprYTw==",
      "requires": {
        "tr46": "~0.0.3",
        "webidl-conversions": "^3.0.0"
      }
    }
  }
}
