{
	"name": "spec",
	"lockfileVersion": 2,
	"requires": true,
	"packages": {
		"": {
			"devDependencies": {
				"@microsoft/microsoft-graph-types": "^1.7.0",
				"@microsoft/microsoft-graph-types-beta": "microsoftgraph/msgraph-typescript-typings#beta",
				"@types/chai": "^4.1.7",
				"@types/form-data": "^2.2.1",
				"@types/isomorphic-fetch": "0.0.35",
				"@types/mocha": "^5.2.6",
				"@types/node": "^11.9.5",
				"chai": "^4.2.0",
				"es6-promise": "^4.2.6",
				"form-data": "^2.3.3",
				"isomorphic-fetch": "^3.0.0",
				"msal": "^0.2.4"
			}
		},
		"node_modules/@microsoft/microsoft-graph-types": {
			"version": "1.7.0",
			"resolved": "https://registry.npmjs.org/@microsoft/microsoft-graph-types/-/microsoft-graph-types-1.7.0.tgz",
			"integrity": "sha512-Mxu5H+69F8T5NzV4+U8FkTvpIYYWHsmRZzfAuOlIO0zJJGlVyRIVqpq4NmOdUXGC00vZ73ONgCuzuaksxqDm/Q==",
			"dev": true
		},
		"node_modules/@microsoft/microsoft-graph-types-beta": {
			"resolved": "git+ssh://git@github.com/microsoftgraph/msgraph-typescript-typings.git#616369376c8152574e9cf7ab065b7f42215d450d",
			"dev": true
		},
		"node_modules/@types/chai": {
			"version": "4.1.7",
			"resolved": "https://registry.npmjs.org/@types/chai/-/chai-4.1.7.tgz",
			"integrity": "sha512-2Y8uPt0/jwjhQ6EiluT0XCri1Dbplr0ZxfFXUz+ye13gaqE8u5gL5ppao1JrUYr9cIip5S6MvQzBS7Kke7U9VA==",
			"dev": true
		},
		"node_modules/@types/form-data": {
			"version": "2.2.1",
			"resolved": "https://registry.npmjs.org/@types/form-data/-/form-data-2.2.1.tgz",
			"integrity": "sha512-JAMFhOaHIciYVh8fb5/83nmuO/AHwmto+Hq7a9y8FzLDcC1KCU344XDOMEmahnrTFlHjgh4L0WJFczNIX2GxnQ==",
			"dev": true,
			"dependencies": {
				"@types/node": "*"
			}
		},
		"node_modules/@types/isomorphic-fetch": {
			"version": "0.0.35",
			"resolved": "https://registry.npmjs.org/@types/isomorphic-fetch/-/isomorphic-fetch-0.0.35.tgz",
			"integrity": "sha512-DaZNUvLDCAnCTjgwxgiL1eQdxIKEpNLOlTNtAgnZc50bG2copGhRrFN9/PxPBuJe+tZVLCbQ7ls0xveXVRPkvw==",
			"dev": true
		},
		"node_modules/@types/mocha": {
			"version": "5.2.6",
			"resolved": "https://registry.npmjs.org/@types/mocha/-/mocha-5.2.6.tgz",
			"integrity": "sha512-1axi39YdtBI7z957vdqXI4Ac25e7YihYQtJa+Clnxg1zTJEaIRbndt71O3sP4GAMgiAm0pY26/b9BrY4MR/PMw==",
			"dev": true
		},
		"node_modules/@types/node": {
			"version": "11.13.4",
			"resolved": "https://registry.npmjs.org/@types/node/-/node-11.13.4.tgz",
			"integrity": "sha512-+rabAZZ3Yn7tF/XPGHupKIL5EcAbrLxnTr/hgQICxbeuAfWtT0UZSfULE+ndusckBItcv4o6ZeOJplQikVcLvQ==",
			"dev": true
		},
		"node_modules/assertion-error": {
			"version": "1.1.0",
			"resolved": "https://registry.npmjs.org/assertion-error/-/assertion-error-1.1.0.tgz",
			"integrity": "sha512-jgsaNduz+ndvGyFt3uSuWqvy4lCnIJiovtouQN5JZHOKCS2QuhEdbcQHFhVksz2N2U9hXJo8odG7ETyWlEeuDw==",
			"dev": true,
			"engines": {
				"node": "*"
			}
		},
		"node_modules/asynckit": {
			"version": "0.4.0",
			"resolved": "https://registry.npmjs.org/asynckit/-/asynckit-0.4.0.tgz",
			"integrity": "sha1-x57Zf380y48robyXkLzDZkdLS3k=",
			"dev": true
		},
		"node_modules/chai": {
			"version": "4.2.0",
			"resolved": "https://registry.npmjs.org/chai/-/chai-4.2.0.tgz",
			"integrity": "sha512-XQU3bhBukrOsQCuwZndwGcCVQHyZi53fQ6Ys1Fym7E4olpIqqZZhhoFJoaKVvV17lWQoXYwgWN2nF5crA8J2jw==",
			"dev": true,
			"dependencies": {
				"assertion-error": "^1.1.0",
				"check-error": "^1.0.2",
				"deep-eql": "^3.0.1",
				"get-func-name": "^2.0.0",
				"pathval": "^1.1.0",
				"type-detect": "^4.0.5"
			},
			"engines": {
				"node": ">=4"
			}
		},
		"node_modules/check-error": {
			"version": "1.0.2",
			"resolved": "https://registry.npmjs.org/check-error/-/check-error-1.0.2.tgz",
			"integrity": "sha1-V00xLt2Iu13YkS6Sht1sCu1KrII=",
			"dev": true,
			"engines": {
				"node": "*"
			}
		},
		"node_modules/combined-stream": {
			"version": "1.0.7",
			"resolved": "https://registry.npmjs.org/combined-stream/-/combined-stream-1.0.7.tgz",
			"integrity": "sha512-brWl9y6vOB1xYPZcpZde3N9zDByXTosAeMDo4p1wzo6UMOX4vumB+TP1RZ76sfE6Md68Q0NJSrE/gbezd4Ul+w==",
			"dev": true,
			"dependencies": {
				"delayed-stream": "~1.0.0"
			},
			"engines": {
				"node": ">= 0.8"
			}
		},
		"node_modules/deep-eql": {
			"version": "3.0.1",
			"resolved": "https://registry.npmjs.org/deep-eql/-/deep-eql-3.0.1.tgz",
			"integrity": "sha512-+QeIQyN5ZuO+3Uk5DYh6/1eKO0m0YmJFGNmFHGACpf1ClL1nmlV/p4gNgbl2pJGxgXb4faqo6UE+M5ACEMyVcw==",
			"dev": true,
			"dependencies": {
				"type-detect": "^4.0.0"
			},
			"engines": {
				"node": ">=0.12"
			}
		},
		"node_modules/delayed-stream": {
			"version": "1.0.0",
			"resolved": "https://registry.npmjs.org/delayed-stream/-/delayed-stream-1.0.0.tgz",
			"integrity": "sha1-3zrhmayt+31ECqrgsp4icrJOxhk=",
			"dev": true,
			"engines": {
				"node": ">=0.4.0"
			}
		},
		"node_modules/encoding": {
			"version": "0.1.13",
			"resolved": "https://registry.npmjs.org/encoding/-/encoding-0.1.13.tgz",
			"integrity": "sha512-ETBauow1T35Y/WZMkio9jiM0Z5xjHHmJ4XmjZOq1l/dXz3lr2sRn87nJy20RupqSh1F2m3HHPSp8ShIPQJrJ3A==",
			"dev": true,
			"optional": true,
			"peer": true,
			"dependencies": {
				"iconv-lite": "^0.6.2"
			}
		},
		"node_modules/es6-promise": {
			"version": "4.2.6",
			"resolved": "https://registry.npmjs.org/es6-promise/-/es6-promise-4.2.6.tgz",
			"integrity": "sha512-aRVgGdnmW2OiySVPUC9e6m+plolMAJKjZnQlCwNSuK5yQ0JN61DZSO1X1Ufd1foqWRAlig0rhduTCHe7sVtK5Q==",
			"dev": true
		},
		"node_modules/form-data": {
			"version": "2.3.3",
			"resolved": "https://registry.npmjs.org/form-data/-/form-data-2.3.3.tgz",
			"integrity": "sha512-1lLKB2Mu3aGP1Q/2eCOx0fNbRMe7XdwktwOruhfqqd0rIJWwN4Dh+E3hrPSlDCXnSR7UtZ1N38rVXm+6+MEhJQ==",
			"dev": true,
			"dependencies": {
				"asynckit": "^0.4.0",
				"combined-stream": "^1.0.6",
				"mime-types": "^2.1.12"
			},
			"engines": {
				"node": ">= 0.12"
			}
		},
		"node_modules/get-func-name": {
			"version": "2.0.0",
			"resolved": "https://registry.npmjs.org/get-func-name/-/get-func-name-2.0.0.tgz",
			"integrity": "sha1-6td0q+5y4gQJQzoGY2YCPdaIekE=",
			"dev": true,
			"engines": {
				"node": "*"
			}
		},
		"node_modules/iconv-lite": {
			"version": "0.6.3",
			"resolved": "https://registry.npmjs.org/iconv-lite/-/iconv-lite-0.6.3.tgz",
			"integrity": "sha512-4fCk79wshMdzMp2rH06qWrJE4iolqLhCUH+OiuIgU++RB0+94NlDL81atO7GX55uUKueo0txHNtvEyI6D7WdMw==",
			"dev": true,
			"optional": true,
			"peer": true,
			"dependencies": {
				"safer-buffer": ">= 2.1.2 < 3.0.0"
			},
			"engines": {
				"node": ">=0.10.0"
			}
		},
		"node_modules/isomorphic-fetch": {
			"version": "3.0.0",
			"resolved": "https://registry.npmjs.org/isomorphic-fetch/-/isomorphic-fetch-3.0.0.tgz",
			"integrity": "sha512-qvUtwJ3j6qwsF3jLxkZ72qCgjMysPzDfeV240JHiGZsANBYd+EEuu35v7dfrJ9Up0Ak07D7GGSkGhCHTqg/5wA==",
			"dev": true,
			"dependencies": {
				"node-fetch": "^2.6.1",
				"whatwg-fetch": "^3.4.1"
			}
		},
		"node_modules/mime-db": {
			"version": "1.38.0",
			"resolved": "https://registry.npmjs.org/mime-db/-/mime-db-1.38.0.tgz",
			"integrity": "sha512-bqVioMFFzc2awcdJZIzR3HjZFX20QhilVS7hytkKrv7xFAn8bM1gzc/FOX2awLISvWe0PV8ptFKcon+wZ5qYkg==",
			"dev": true,
			"engines": {
				"node": ">= 0.6"
			}
		},
		"node_modules/mime-types": {
			"version": "2.1.22",
			"resolved": "https://registry.npmjs.org/mime-types/-/mime-types-2.1.22.tgz",
			"integrity": "sha512-aGl6TZGnhm/li6F7yx82bJiBZwgiEa4Hf6CNr8YO+r5UHr53tSTYZb102zyU50DOWWKeOv0uQLRL0/9EiKWCog==",
			"dev": true,
			"dependencies": {
				"mime-db": "~1.38.0"
			},
			"engines": {
				"node": ">= 0.6"
			}
		},
		"node_modules/msal": {
			"version": "0.2.4",
			"resolved": "https://registry.npmjs.org/msal/-/msal-0.2.4.tgz",
			"integrity": "sha512-/DPtEBL8M4gwSjEYZy4ep+j1ZaawA9XEKJi4nPxmQLT85rLNZLARrxhIRwzwXtkPNewoB+zdoNKzETW8ZrTOFQ==",
			"dev": true,
			"dependencies": {
				"tslib": "1.7.1"
			},
			"engines": {
				"node": ">=0.8.0"
			}
		},
		"node_modules/msal/node_modules/tslib": {
			"version": "1.7.1",
			"resolved": "https://registry.npmjs.org/tslib/-/tslib-1.7.1.tgz",
			"integrity": "sha1-vIAEFkaRkjp5/oN4u+s9ogF1OOw=",
			"dev": true
		},
		"node_modules/node-fetch": {
			"version": "2.6.7",
			"resolved": "https://registry.npmjs.org/node-fetch/-/node-fetch-2.6.7.tgz",
			"integrity": "sha512-ZjMPFEfVx5j+y2yF35Kzx5sF7kDzxuDj6ziH4FFbOp87zKDZNx8yExJIb05OGF4Nlt9IHFIMBkRl41VdvcNdbQ==",
			"dev": true,
			"dependencies": {
				"whatwg-url": "^5.0.0"
			},
			"engines": {
				"node": "4.x || >=6.0.0"
			},
			"peerDependencies": {
				"encoding": "^0.1.0"
			},
			"peerDependenciesMeta": {
				"encoding": {
					"optional": true
				}
			}
		},
		"node_modules/pathval": {
			"version": "1.1.1",
			"resolved": "https://registry.npmjs.org/pathval/-/pathval-1.1.1.tgz",
			"integrity": "sha512-Dp6zGqpTdETdR63lehJYPeIOqpiNBNtc7BpWSLrOje7UaIsE5aY92r/AunQA7rsXvet3lrJ3JnZX29UPTKXyKQ==",
			"dev": true,
			"engines": {
				"node": "*"
			}
		},
		"node_modules/safer-buffer": {
			"version": "2.1.2",
			"resolved": "https://registry.npmjs.org/safer-buffer/-/safer-buffer-2.1.2.tgz",
			"integrity": "sha512-YZo3K82SD7Riyi0E1EQPojLz7kpepnSQI9IyPbHHg1XXXevb5dJI7tpyN2ADxGcQbHG7vcyRHk0cbwqcQriUtg==",
			"dev": true,
			"optional": true,
			"peer": true
		},
		"node_modules/tr46": {
			"version": "0.0.3",
			"resolved": "https://registry.npmjs.org/tr46/-/tr46-0.0.3.tgz",
			"integrity": "sha512-N3WMsuqV66lT30CrXNbEjx4GEwlow3v6rr4mCcv6prnfwhS01rkgyFdjPNBYd9br7LpXV1+Emh01fHnq2Gdgrw==",
			"dev": true
		},
		"node_modules/type-detect": {
			"version": "4.0.8",
			"resolved": "https://registry.npmjs.org/type-detect/-/type-detect-4.0.8.tgz",
			"integrity": "sha512-0fr/mIH1dlO+x7TlcMy+bIDqKPsw/70tVyeHW787goQjhmqaZe10uwLujubK9q9Lg6Fiho1KUKDYz0Z7k7g5/g==",
			"dev": true,
			"engines": {
				"node": ">=4"
			}
		},
		"node_modules/webidl-conversions": {
			"version": "3.0.1",
			"resolved": "https://registry.npmjs.org/webidl-conversions/-/webidl-conversions-3.0.1.tgz",
			"integrity": "sha512-2JAn3z8AR6rjK8Sm8orRC0h/bcl/DqL7tRPdGZ4I1CjdF+EaMLmYxBHyXuKL849eucPFhvBoxMsflfOb8kxaeQ==",
			"dev": true
		},
		"node_modules/whatwg-fetch": {
			"version": "3.6.2",
			"resolved": "https://registry.npmjs.org/whatwg-fetch/-/whatwg-fetch-3.6.2.tgz",
			"integrity": "sha512-bJlen0FcuU/0EMLrdbJ7zOnW6ITZLrZMIarMUVmdKtsGvZna8vxKYaexICWPfZ8qwf9fzNq+UEIZrnSaApt6RA==",
			"dev": true
		},
		"node_modules/whatwg-url": {
			"version": "5.0.0",
			"resolved": "https://registry.npmjs.org/whatwg-url/-/whatwg-url-5.0.0.tgz",
			"integrity": "sha512-saE57nupxk6v3HY35+jzBwYa0rKSy0XR8JSxZPwgLr7ys0IBzhGviA1/TUGJLmSVqs8pb9AnvICXEuOHLprYTw==",
			"dev": true,
			"dependencies": {
				"tr46": "~0.0.3",
				"webidl-conversions": "^3.0.0"
			}
		}
	},
	"dependencies": {
		"@microsoft/microsoft-graph-types": {
			"version": "1.7.0",
			"resolved": "https://registry.npmjs.org/@microsoft/microsoft-graph-types/-/microsoft-graph-types-1.7.0.tgz",
			"integrity": "sha512-Mxu5H+69F8T5NzV4+U8FkTvpIYYWHsmRZzfAuOlIO0zJJGlVyRIVqpq4NmOdUXGC00vZ73ONgCuzuaksxqDm/Q==",
			"dev": true
		},
		"@microsoft/microsoft-graph-types-beta": {
			"version": "git+ssh://git@github.com/microsoftgraph/msgraph-typescript-typings.git#616369376c8152574e9cf7ab065b7f42215d450d",
			"dev": true,
			"from": "@microsoft/microsoft-graph-types-beta@microsoftgraph/msgraph-typescript-typings#beta"
		},
		"@types/chai": {
			"version": "4.1.7",
			"resolved": "https://registry.npmjs.org/@types/chai/-/chai-4.1.7.tgz",
			"integrity": "sha512-2Y8uPt0/jwjhQ6EiluT0XCri1Dbplr0ZxfFXUz+ye13gaqE8u5gL5ppao1JrUYr9cIip5S6MvQzBS7Kke7U9VA==",
			"dev": true
		},
		"@types/form-data": {
			"version": "2.2.1",
			"resolved": "https://registry.npmjs.org/@types/form-data/-/form-data-2.2.1.tgz",
			"integrity": "sha512-JAMFhOaHIciYVh8fb5/83nmuO/AHwmto+Hq7a9y8FzLDcC1KCU344XDOMEmahnrTFlHjgh4L0WJFczNIX2GxnQ==",
			"dev": true,
			"requires": {
				"@types/node": "*"
			}
		},
		"@types/isomorphic-fetch": {
			"version": "0.0.35",
			"resolved": "https://registry.npmjs.org/@types/isomorphic-fetch/-/isomorphic-fetch-0.0.35.tgz",
			"integrity": "sha512-DaZNUvLDCAnCTjgwxgiL1eQdxIKEpNLOlTNtAgnZc50bG2copGhRrFN9/PxPBuJe+tZVLCbQ7ls0xveXVRPkvw==",
			"dev": true
		},
		"@types/mocha": {
			"version": "5.2.6",
			"resolved": "https://registry.npmjs.org/@types/mocha/-/mocha-5.2.6.tgz",
			"integrity": "sha512-1axi39YdtBI7z957vdqXI4Ac25e7YihYQtJa+Clnxg1zTJEaIRbndt71O3sP4GAMgiAm0pY26/b9BrY4MR/PMw==",
			"dev": true
		},
		"@types/node": {
			"version": "11.13.4",
			"resolved": "https://registry.npmjs.org/@types/node/-/node-11.13.4.tgz",
			"integrity": "sha512-+rabAZZ3Yn7tF/XPGHupKIL5EcAbrLxnTr/hgQICxbeuAfWtT0UZSfULE+ndusckBItcv4o6ZeOJplQikVcLvQ==",
			"dev": true
		},
		"assertion-error": {
			"version": "1.1.0",
			"resolved": "https://registry.npmjs.org/assertion-error/-/assertion-error-1.1.0.tgz",
			"integrity": "sha512-jgsaNduz+ndvGyFt3uSuWqvy4lCnIJiovtouQN5JZHOKCS2QuhEdbcQHFhVksz2N2U9hXJo8odG7ETyWlEeuDw==",
			"dev": true
		},
		"asynckit": {
			"version": "0.4.0",
			"resolved": "https://registry.npmjs.org/asynckit/-/asynckit-0.4.0.tgz",
			"integrity": "sha1-x57Zf380y48robyXkLzDZkdLS3k=",
			"dev": true
		},
		"chai": {
			"version": "4.2.0",
			"resolved": "https://registry.npmjs.org/chai/-/chai-4.2.0.tgz",
			"integrity": "sha512-XQU3bhBukrOsQCuwZndwGcCVQHyZi53fQ6Ys1Fym7E4olpIqqZZhhoFJoaKVvV17lWQoXYwgWN2nF5crA8J2jw==",
			"dev": true,
			"requires": {
				"assertion-error": "^1.1.0",
				"check-error": "^1.0.2",
				"deep-eql": "^3.0.1",
				"get-func-name": "^2.0.0",
				"pathval": "^1.1.0",
				"type-detect": "^4.0.5"
			}
		},
		"check-error": {
			"version": "1.0.2",
			"resolved": "https://registry.npmjs.org/check-error/-/check-error-1.0.2.tgz",
			"integrity": "sha1-V00xLt2Iu13YkS6Sht1sCu1KrII=",
			"dev": true
		},
		"combined-stream": {
			"version": "1.0.7",
			"resolved": "https://registry.npmjs.org/combined-stream/-/combined-stream-1.0.7.tgz",
			"integrity": "sha512-brWl9y6vOB1xYPZcpZde3N9zDByXTosAeMDo4p1wzo6UMOX4vumB+TP1RZ76sfE6Md68Q0NJSrE/gbezd4Ul+w==",
			"dev": true,
			"requires": {
				"delayed-stream": "~1.0.0"
			}
		},
		"deep-eql": {
			"version": "3.0.1",
			"resolved": "https://registry.npmjs.org/deep-eql/-/deep-eql-3.0.1.tgz",
			"integrity": "sha512-+QeIQyN5ZuO+3Uk5DYh6/1eKO0m0YmJFGNmFHGACpf1ClL1nmlV/p4gNgbl2pJGxgXb4faqo6UE+M5ACEMyVcw==",
			"dev": true,
			"requires": {
				"type-detect": "^4.0.0"
			}
		},
		"delayed-stream": {
			"version": "1.0.0",
			"resolved": "https://registry.npmjs.org/delayed-stream/-/delayed-stream-1.0.0.tgz",
			"integrity": "sha1-3zrhmayt+31ECqrgsp4icrJOxhk=",
			"dev": true
		},
		"encoding": {
			"version": "0.1.13",
			"resolved": "https://registry.npmjs.org/encoding/-/encoding-0.1.13.tgz",
			"integrity": "sha512-ETBauow1T35Y/WZMkio9jiM0Z5xjHHmJ4XmjZOq1l/dXz3lr2sRn87nJy20RupqSh1F2m3HHPSp8ShIPQJrJ3A==",
			"dev": true,
			"optional": true,
			"peer": true,
			"requires": {
				"iconv-lite": "^0.6.2"
			}
		},
		"es6-promise": {
			"version": "4.2.6",
			"resolved": "https://registry.npmjs.org/es6-promise/-/es6-promise-4.2.6.tgz",
			"integrity": "sha512-aRVgGdnmW2OiySVPUC9e6m+plolMAJKjZnQlCwNSuK5yQ0JN61DZSO1X1Ufd1foqWRAlig0rhduTCHe7sVtK5Q==",
			"dev": true
		},
		"form-data": {
			"version": "2.3.3",
			"resolved": "https://registry.npmjs.org/form-data/-/form-data-2.3.3.tgz",
			"integrity": "sha512-1lLKB2Mu3aGP1Q/2eCOx0fNbRMe7XdwktwOruhfqqd0rIJWwN4Dh+E3hrPSlDCXnSR7UtZ1N38rVXm+6+MEhJQ==",
			"dev": true,
			"requires": {
				"asynckit": "^0.4.0",
				"combined-stream": "^1.0.6",
				"mime-types": "^2.1.12"
			}
		},
		"get-func-name": {
			"version": "2.0.0",
			"resolved": "https://registry.npmjs.org/get-func-name/-/get-func-name-2.0.0.tgz",
			"integrity": "sha1-6td0q+5y4gQJQzoGY2YCPdaIekE=",
			"dev": true
		},
		"iconv-lite": {
			"version": "0.6.3",
			"resolved": "https://registry.npmjs.org/iconv-lite/-/iconv-lite-0.6.3.tgz",
			"integrity": "sha512-4fCk79wshMdzMp2rH06qWrJE4iolqLhCUH+OiuIgU++RB0+94NlDL81atO7GX55uUKueo0txHNtvEyI6D7WdMw==",
			"dev": true,
			"optional": true,
			"peer": true,
			"requires": {
				"safer-buffer": ">= 2.1.2 < 3.0.0"
			}
		},
		"isomorphic-fetch": {
			"version": "3.0.0",
			"resolved": "https://registry.npmjs.org/isomorphic-fetch/-/isomorphic-fetch-3.0.0.tgz",
			"integrity": "sha512-qvUtwJ3j6qwsF3jLxkZ72qCgjMysPzDfeV240JHiGZsANBYd+EEuu35v7dfrJ9Up0Ak07D7GGSkGhCHTqg/5wA==",
			"dev": true,
			"requires": {
				"node-fetch": "^2.6.1",
				"whatwg-fetch": "^3.4.1"
			}
		},
		"mime-db": {
			"version": "1.38.0",
			"resolved": "https://registry.npmjs.org/mime-db/-/mime-db-1.38.0.tgz",
			"integrity": "sha512-bqVioMFFzc2awcdJZIzR3HjZFX20QhilVS7hytkKrv7xFAn8bM1gzc/FOX2awLISvWe0PV8ptFKcon+wZ5qYkg==",
			"dev": true
		},
		"mime-types": {
			"version": "2.1.22",
			"resolved": "https://registry.npmjs.org/mime-types/-/mime-types-2.1.22.tgz",
			"integrity": "sha512-aGl6TZGnhm/li6F7yx82bJiBZwgiEa4Hf6CNr8YO+r5UHr53tSTYZb102zyU50DOWWKeOv0uQLRL0/9EiKWCog==",
			"dev": true,
			"requires": {
				"mime-db": "~1.38.0"
			}
		},
		"msal": {
			"version": "0.2.4",
			"resolved": "https://registry.npmjs.org/msal/-/msal-0.2.4.tgz",
			"integrity": "sha512-/DPtEBL8M4gwSjEYZy4ep+j1ZaawA9XEKJi4nPxmQLT85rLNZLARrxhIRwzwXtkPNewoB+zdoNKzETW8ZrTOFQ==",
			"dev": true,
			"requires": {
				"tslib": "1.7.1"
			},
			"dependencies": {
				"tslib": {
					"version": "1.7.1",
					"resolved": "https://registry.npmjs.org/tslib/-/tslib-1.7.1.tgz",
					"integrity": "sha1-vIAEFkaRkjp5/oN4u+s9ogF1OOw=",
					"dev": true
				}
			}
		},
		"node-fetch": {
			"version": "2.6.7",
			"resolved": "https://registry.npmjs.org/node-fetch/-/node-fetch-2.6.7.tgz",
			"integrity": "sha512-ZjMPFEfVx5j+y2yF35Kzx5sF7kDzxuDj6ziH4FFbOp87zKDZNx8yExJIb05OGF4Nlt9IHFIMBkRl41VdvcNdbQ==",
			"dev": true,
			"requires": {
				"whatwg-url": "^5.0.0"
			}
		},
		"pathval": {
			"version": "1.1.1",
			"resolved": "https://registry.npmjs.org/pathval/-/pathval-1.1.1.tgz",
			"integrity": "sha512-Dp6zGqpTdETdR63lehJYPeIOqpiNBNtc7BpWSLrOje7UaIsE5aY92r/AunQA7rsXvet3lrJ3JnZX29UPTKXyKQ==",
			"dev": true
		},
		"safer-buffer": {
			"version": "2.1.2",
			"resolved": "https://registry.npmjs.org/safer-buffer/-/safer-buffer-2.1.2.tgz",
			"integrity": "sha512-YZo3K82SD7Riyi0E1EQPojLz7kpepnSQI9IyPbHHg1XXXevb5dJI7tpyN2ADxGcQbHG7vcyRHk0cbwqcQriUtg==",
			"dev": true,
			"optional": true,
			"peer": true
		},
		"tr46": {
			"version": "0.0.3",
			"resolved": "https://registry.npmjs.org/tr46/-/tr46-0.0.3.tgz",
			"integrity": "sha512-N3WMsuqV66lT30CrXNbEjx4GEwlow3v6rr4mCcv6prnfwhS01rkgyFdjPNBYd9br7LpXV1+Emh01fHnq2Gdgrw==",
			"dev": true
		},
		"type-detect": {
			"version": "4.0.8",
			"resolved": "https://registry.npmjs.org/type-detect/-/type-detect-4.0.8.tgz",
			"integrity": "sha512-0fr/mIH1dlO+x7TlcMy+bIDqKPsw/70tVyeHW787goQjhmqaZe10uwLujubK9q9Lg6Fiho1KUKDYz0Z7k7g5/g==",
			"dev": true
		},
		"webidl-conversions": {
			"version": "3.0.1",
			"resolved": "https://registry.npmjs.org/webidl-conversions/-/webidl-conversions-3.0.1.tgz",
			"integrity": "sha512-2JAn3z8AR6rjK8Sm8orRC0h/bcl/DqL7tRPdGZ4I1CjdF+EaMLmYxBHyXuKL849eucPFhvBoxMsflfOb8kxaeQ==",
			"dev": true
		},
		"whatwg-fetch": {
			"version": "3.6.2",
			"resolved": "https://registry.npmjs.org/whatwg-fetch/-/whatwg-fetch-3.6.2.tgz",
			"integrity": "sha512-bJlen0FcuU/0EMLrdbJ7zOnW6ITZLrZMIarMUVmdKtsGvZna8vxKYaexICWPfZ8qwf9fzNq+UEIZrnSaApt6RA==",
			"dev": true
		},
		"whatwg-url": {
			"version": "5.0.0",
			"resolved": "https://registry.npmjs.org/whatwg-url/-/whatwg-url-5.0.0.tgz",
			"integrity": "sha512-saE57nupxk6v3HY35+jzBwYa0rKSy0XR8JSxZPwgLr7ys0IBzhGviA1/TUGJLmSVqs8pb9AnvICXEuOHLprYTw==",
			"dev": true,
			"requires": {
				"tr46": "~0.0.3",
				"webidl-conversions": "^3.0.0"
			}
		}
	}
}
